Microsoft Visual Studio Solution File, Format Version 12.00
# Visual Studio Version 16
VisualStudioVersion = 16.0.30204.135
MinimumVisualStudioVersion = 10.0.40219.1
Project("{8BC9CEB8-8B4A-11D0-8D11-00A0C91BC942}") = "Il2CppAnalyzerDLL", "Il2CppAnalyzerDLL/Il2CppAnalyzerDLL.vcxproj", "{dc584eb8-db0a-4a19-8f01-0e4071df079c}"
EndProject
Global
	GlobalSection(SolutionConfigurationPlatforms) = preSolution
		Debug|x64 = Debug|x64
		Debug|x86 = Debug|x86
		Release|x64 = Release|x64
		Release|x86 = Release|x86
	EndGlobalSection
	GlobalSection(ProjectConfigurationPlatforms) = postSolution
		{dc584eb8-db0a-4a19-8f01-0e4071df079c}.Debug|x64.ActiveCfg = Debug|x64
		{dc584eb8-db0a-4a19-8f01-0e4071df079c}.Debug|x64.Build.0 = Debug|x64
		{dc584eb8-db0a-4a19-8f01-0e4071df079c}.Debug|x86.ActiveCfg = Debug|Win32
		{dc584eb8-db0a-4a19-8f01-0e4071df079c}.Debug|x86.Build.0 = Debug|Win32
		{dc584eb8-db0a-4a19-8f01-0e4071df079c}.Release|x64.ActiveCfg = Release|x64
		{dc584eb8-db0a-4a19-8f01-0e4071df079c}.Release|x64.Build.0 = Release|x64
		{dc584eb8-db0a-4a19-8f01-0e4071df079c}.Release|x86.ActiveCfg = Release|Win32
		{dc584eb8-db0a-4a19-8f01-0e4071df079c}.Release|x86.Build.0 = Release|Win32
	EndGlobalSection
	GlobalSection(SolutionProperties) = preSolution
		HideSolutionNode = FALSE
	EndGlobalSection
	GlobalSection(ExtensibilityGlobals) = postSolution
		SolutionGuid = {d20f0dfe-b576-4578-a5b4-014d5cd38f04}
	EndGlobalSection
EndGlobal